{
  "version": 4,
  "terraform_version": "1.7.2",
  "serial": 12,
  "lineage": "8b159192-11dc-d026-1f3d-f9ab79fbab7a",
  "outputs": {
    "guacamole_url": {
      "value": "http://localhost:8080/guacamole",
      "type": "string"
    }
  },
  "resources": [
    {
      "mode": "managed",
      "type": "docker_container",
      "name": "guacamole",
      "provider": "provider[\"registry.terraform.io/kreuzwerker/docker\"]",
      "instances": [
        {
          "schema_version": 2,
          "attributes": {
            "attach": false,
            "bridge": "",
            "capabilities": [],
            "command": [
              "/opt/guacamole/bin/start.sh"
            ],
            "container_logs": null,
            "cpu_set": "",
            "cpu_shares": 0,
            "destroy_grace_seconds": null,
            "devices": [],
            "dns": null,
            "dns_opts": null,
            "dns_search": null,
            "domainname": "",
            "entrypoint": [],
            "env": [
              "GUACD_HOSTNAME=guacd",
              "POSTGRES_DATABASE=guacamole_db",
              "POSTGRES_HOSTNAME=postgres",
              "POSTGRES_PASSWORD=",
              "POSTGRES_USER=guacamole_user"
            ],
            "exit_code": null,
            "gateway": "",
            "group_add": null,
            "healthcheck": null,
            "host": [],
            "hostname": "8c2468477985",
            "id": "8c2468477985dac49da9bcd2e08cc0bbdaa2a75195d9efacbda1b0ea787e75d9",
            "image": "sha256:34a6b23f2dffcd7331d70bacd1fcff95659d504457de6f0743f48e00b470f722",
            "init": false,
            "ip_address": "",
            "ip_prefix_length": 0,
            "ipc_mode": "private",
            "labels": [],
            "links": null,
            "log_driver": "json-file",
            "log_opts": null,
            "logs": false,
            "max_retry_count": 0,
            "memory": 0,
            "memory_swap": 0,
            "mounts": [],
            "must_run": true,
            "name": "guacamole_compose_tf",
            "network_alias": null,
            "network_data": [
              {
                "gateway": "",
                "global_ipv6_address": "",
                "global_ipv6_prefix_length": 0,
                "ip_address": "",
                "ip_prefix_length": 0,
                "ipv6_gateway": "",
                "network_name": "guacnetwork_compose"
              }
            ],
            "network_mode": "default",
            "networks": null,
            "networks_advanced": [
              {
                "aliases": [],
                "ipv4_address": "",
                "ipv6_address": "",
                "name": "guacnetwork_compose"
              }
            ],
            "pid_mode": "",
            "ports": [],
            "privileged": false,
            "publish_all_ports": false,
            "read_only": false,
            "remove_volumes": true,
            "restart": "always",
            "rm": false,
            "security_opts": [],
            "shm_size": 64,
            "start": true,
            "stdin_open": false,
            "sysctls": null,
            "tmpfs": null,
            "tty": false,
            "ulimit": [],
            "upload": [],
            "user": "guacamole",
            "userns_mode": "",
            "volumes": [],
            "working_dir": "/opt/guacamole"
          },
          "sensitive_attributes": [],
          "private": "eyJzY2hlbWFfdmVyc2lvbiI6IjIifQ==",
          "dependencies": [
            "docker_container.guacd",
            "docker_container.postgres",
            "docker_network.guacnetwork_compose"
          ]
        }
      ]
    },
    {
      "mode": "managed",
      "type": "docker_container",
      "name": "guacd",
      "provider": "provider[\"registry.terraform.io/kreuzwerker/docker\"]",
      "instances": [
        {
          "schema_version": 2,
          "attributes": {
            "attach": false,
            "bridge": "",
            "capabilities": [],
            "command": [
              "/bin/sh",
              "-c",
              "/opt/guacamole/sbin/guacd -b 0.0.0.0 -L $GUACD_LOG_LEVEL -f"
            ],
            "container_logs": null,
            "cpu_set": "",
            "cpu_shares": 0,
            "destroy_grace_seconds": null,
            "devices": [],
            "dns": null,
            "dns_opts": null,
            "dns_search": null,
            "domainname": "",
            "entrypoint": [],
            "env": [],
            "exit_code": null,
            "gateway": "172.21.0.1",
            "group_add": null,
            "healthcheck": [
              {
                "interval": "5m0s",
                "retries": 0,
                "start_period": "0s",
                "test": [
                  "CMD-SHELL",
                  "nc -z 127.0.0.1 4822 || exit 1"
                ],
                "timeout": "5s"
              }
            ],
            "host": [],
            "hostname": "4160fb45ccd8",
            "id": "4160fb45ccd85f3ac0e3d89f36ef5bb9127ae779ffb59f4dfc66738b21d15f4e",
            "image": "sha256:e1b8c3e5124e857125287bfe2aebf3841c94e1b3037ae1722aff2f2335cac9f8",
            "init": false,
            "ip_address": "172.21.0.2",
            "ip_prefix_length": 16,
            "ipc_mode": "private",
            "labels": [],
            "links": null,
            "log_driver": "json-file",
            "log_opts": null,
            "logs": false,
            "max_retry_count": 0,
            "memory": 0,
            "memory_swap": 0,
            "mounts": [],
            "must_run": true,
            "name": "guacd_compose_tf",
            "network_alias": null,
            "network_data": [
              {
                "gateway": "172.21.0.1",
                "global_ipv6_address": "",
                "global_ipv6_prefix_length": 0,
                "ip_address": "172.21.0.2",
                "ip_prefix_length": 16,
                "ipv6_gateway": "",
                "network_name": "guacnetwork_compose"
              }
            ],
            "network_mode": "default",
            "networks": null,
            "networks_advanced": [
              {
                "aliases": [],
                "ipv4_address": "",
                "ipv6_address": "",
                "name": "guacnetwork_compose"
              }
            ],
            "pid_mode": "",
            "ports": [],
            "privileged": false,
            "publish_all_ports": false,
            "read_only": false,
            "remove_volumes": true,
            "restart": "always",
            "rm": false,
            "security_opts": [],
            "shm_size": 64,
            "start": true,
            "stdin_open": false,
            "sysctls": null,
            "tmpfs": null,
            "tty": false,
            "ulimit": [],
            "upload": [],
            "user": "guacd",
            "userns_mode": "",
            "volumes": [
              {
                "container_path": "/drive",
                "from_container": "",
                "host_path": "/home/tonyglz/Documents/docker-volumes/drive",
                "read_only": false,
                "volume_name": ""
              },
              {
                "container_path": "/record",
                "from_container": "",
                "host_path": "/home/tonyglz/Documents/docker-volumes/record",
                "read_only": false,
                "volume_name": ""
              }
            ],
            "working_dir": ""
          },
          "sensitive_attributes": [],
          "private": "eyJzY2hlbWFfdmVyc2lvbiI6IjIifQ==",
          "dependencies": [
            "docker_network.guacnetwork_compose"
          ]
        }
      ]
    },
    {
      "mode": "managed",
      "type": "docker_container",
      "name": "postgres",
      "provider": "provider[\"registry.terraform.io/kreuzwerker/docker\"]",
      "instances": [
        {
          "schema_version": 2,
          "attributes": {
            "attach": false,
            "bridge": "",
            "capabilities": [],
            "command": [
              "postgres"
            ],
            "container_logs": null,
            "cpu_set": "",
            "cpu_shares": 0,
            "destroy_grace_seconds": null,
            "devices": [],
            "dns": null,
            "dns_opts": null,
            "dns_search": null,
            "domainname": "",
            "entrypoint": [
              "docker-entrypoint.sh"
            ],
            "env": [
              "PGDATA=/var/lib/postgresql/data/guacamole",
              "POSTGRES_DB=guacamole_db",
              "POSTGRES_PASSWORD=",
              "POSTGRES_USER=guacamole_user"
            ],
            "exit_code": null,
            "gateway": "172.21.0.1",
            "group_add": null,
            "healthcheck": null,
            "host": [],
            "hostname": "fd3425096418",
            "id": "fd342509641845ba7e17357857dbf24a892ffce2d1196b2bc66685bbdb5b8d8f",
            "image": "sha256:ddc12ac7fa27279bfcc41deaccd1368291ab7d71ca7cee0420b41f9974e9a468",
            "init": false,
            "ip_address": "172.21.0.3",
            "ip_prefix_length": 16,
            "ipc_mode": "private",
            "labels": [],
            "links": null,
            "log_driver": "json-file",
            "log_opts": null,
            "logs": false,
            "max_retry_count": 0,
            "memory": 0,
            "memory_swap": 0,
            "mounts": [],
            "must_run": true,
            "name": "postgres_guacamole_compose_tf",
            "network_alias": null,
            "network_data": [
              {
                "gateway": "172.21.0.1",
                "global_ipv6_address": "",
                "global_ipv6_prefix_length": 0,
                "ip_address": "172.21.0.3",
                "ip_prefix_length": 16,
                "ipv6_gateway": "",
                "network_name": "guacnetwork_compose"
              }
            ],
            "network_mode": "default",
            "networks": null,
            "networks_advanced": [
              {
                "aliases": [],
                "ipv4_address": "",
                "ipv6_address": "",
                "name": "guacnetwork_compose"
              }
            ],
            "pid_mode": "",
            "ports": [],
            "privileged": false,
            "publish_all_ports": false,
            "read_only": false,
            "remove_volumes": true,
            "restart": "always",
            "rm": false,
            "security_opts": [],
            "shm_size": 64,
            "start": true,
            "stdin_open": false,
            "sysctls": null,
            "tmpfs": null,
            "tty": false,
            "ulimit": [],
            "upload": [],
            "user": "",
            "userns_mode": "",
            "volumes": [
              {
                "container_path": "/docker-entrypoint-initdb.d",
                "from_container": "",
                "host_path": "/home/tonyglz/Documents/docker-volumes/init",
                "read_only": false,
                "volume_name": ""
              },
              {
                "container_path": "/var/lib/postgresql/data",
                "from_container": "",
                "host_path": "/home/tonyglz/Documents/docker-volumes/data",
                "read_only": false,
                "volume_name": ""
              }
            ],
            "working_dir": ""
          },
          "sensitive_attributes": [],
          "private": "eyJzY2hlbWFfdmVyc2lvbiI6IjIifQ==",
          "dependencies": [
            "docker_network.guacnetwork_compose"
          ]
        }
      ]
    },
    {
      "mode": "managed",
      "type": "docker_network",
      "name": "guacnetwork_compose",
      "provider": "provider[\"registry.terraform.io/kreuzwerker/docker\"]",
      "instances": [
        {
          "schema_version": 1,
          "attributes": {
            "attachable": false,
            "check_duplicate": null,
            "driver": "bridge",
            "id": "1285366eea086a0685e0c695b20f36b0ec91b1c094508ad89d7056389b6a9aaf",
            "ingress": false,
            "internal": false,
            "ipam_config": [
              {
                "aux_address": {},
                "gateway": "172.21.0.1",
                "ip_range": "",
                "subnet": "172.21.0.0/16"
              }
            ],
            "ipam_driver": "default",
            "ipv6": false,
            "labels": [],
            "name": "guacnetwork_compose",
            "options": {},
            "scope": "local"
          },
          "sensitive_attributes": [],
          "private": "eyJzY2hlbWFfdmVyc2lvbiI6IjEifQ=="
        }
      ]
    }
  ],
  "check_results": null
}
