{
  "version": 4,
  "terraform_version": "1.7.0",
  "serial": 104,
  "lineage": "78d248bd-2ccb-e7f2-75d7-bb22b0ca7064",
  "outputs": {
    "guacamole_url": {
      "value": "http://localhost:8080/guacamole",
      "type": "string"
    }
  },
  "resources": [
    {
      "mode": "managed",
      "type": "docker_network",
      "name": "local_network",
      "provider": "provider[\"registry.terraform.io/kreuzwerker/docker\"]",
      "instances": [
        {
          "schema_version": 1,
          "attributes": {
            "attachable": true,
            "check_duplicate": null,
            "driver": "bridge",
            "id": "edfb645b7c7c38a28d8f1e81038838ec4d29645132cc91620ad249fede2507ba",
            "ingress": false,
            "internal": false,
            "ipam_config": [
              {
                "aux_address": {},
                "gateway": "172.25.0.1",
                "ip_range": "",
                "subnet": "172.25.0.0/16"
              }
            ],
            "ipam_driver": "default",
            "ipam_options": null,
            "ipv6": false,
            "labels": [],
            "name": "guacnetwork_compose",
            "options": {},
            "scope": "local"
          },
          "sensitive_attributes": [],
          "private": "eyJzY2hlbWFfdmVyc2lvbiI6IjEifQ=="
        }
      ]
    },
    {
      "module": "module.database",
      "mode": "managed",
      "type": "docker_container",
      "name": "postgres_guacamole_compose",
      "provider": "provider[\"registry.terraform.io/kreuzwerker/docker\"]",
      "instances": [
        {
          "schema_version": 2,
          "attributes": {
            "attach": false,
            "bridge": "",
            "capabilities": [],
            "cgroupns_mode": null,
            "command": [
              "postgres"
            ],
            "container_logs": null,
            "container_read_refresh_timeout_milliseconds": 15000,
            "cpu_set": "",
            "cpu_shares": 0,
            "destroy_grace_seconds": null,
            "devices": [],
            "dns": null,
            "dns_opts": null,
            "dns_search": null,
            "domainname": "",
            "entrypoint": [
              "docker-entrypoint.sh"
            ],
            "env": [
              "PGDATA=/var/lib/postgresql/data/guacamole",
              "POSTGRES_DB=guacamole_db",
              "POSTGRES_PASSWORD=ChooseYourOwnPasswordHere1234",
              "POSTGRES_USER=guacamole_user"
            ],
            "exit_code": null,
            "gpus": null,
            "group_add": null,
            "healthcheck": null,
            "host": [],
            "hostname": "46a7d97bc4c9",
            "id": "46a7d97bc4c95d6d2210a5f004ccbc3a8a94241c54609534bbfe14384c28eabc",
            "image": "sha256:ddc12ac7fa27279bfcc41deaccd1368291ab7d71ca7cee0420b41f9974e9a468",
            "init": false,
            "ipc_mode": "private",
            "labels": [],
            "log_driver": "json-file",
            "log_opts": null,
            "logs": false,
            "max_retry_count": 0,
            "memory": 0,
            "memory_swap": 0,
            "mounts": [],
            "must_run": true,
            "name": "postgres_guacamole_compose",
            "network_data": [
              {
                "gateway": "172.25.0.1",
                "global_ipv6_address": "",
                "global_ipv6_prefix_length": 0,
                "ip_address": "172.25.0.2",
                "ip_prefix_length": 16,
                "ipv6_gateway": "",
                "mac_address": "02:42:ac:19:00:02",
                "network_name": "guacnetwork_compose"
              }
            ],
            "network_mode": "default",
            "networks_advanced": [
              {
                "aliases": [],
                "ipv4_address": "",
                "ipv6_address": "",
                "name": "guacnetwork_compose"
              }
            ],
            "pid_mode": "",
            "ports": [],
            "privileged": false,
            "publish_all_ports": false,
            "read_only": false,
            "remove_volumes": true,
            "restart": "always",
            "rm": false,
            "runtime": "runc",
            "security_opts": [],
            "shm_size": 64,
            "start": true,
            "stdin_open": false,
            "stop_signal": "SIGINT",
            "stop_timeout": 0,
            "storage_opts": null,
            "sysctls": null,
            "tmpfs": null,
            "tty": false,
            "ulimit": [],
            "upload": [],
            "user": "",
            "userns_mode": "",
            "volumes": [
              {
                "container_path": "../../docker-entrypoint-initdb.d",
                "from_container": "",
                "host_path": "",
                "read_only": null,
                "volume_name": ""
              },
              {
                "container_path": "../../var/lib/postgresql/data",
                "from_container": "",
                "host_path": "",
                "read_only": null,
                "volume_name": ""
              }
            ],
            "wait": false,
            "wait_timeout": 60,
            "working_dir": ""
          },
          "sensitive_attributes": [
            [
              {
                "type": "get_attr",
                "value": "env"
              }
            ]
          ],
          "private": "eyJzY2hlbWFfdmVyc2lvbiI6IjIifQ==",
          "dependencies": [
            "module.database.docker_image.postgres"
          ]
        }
      ]
    },
    {
      "module": "module.database",
      "mode": "managed",
      "type": "docker_image",
      "name": "postgres",
      "provider": "provider[\"registry.terraform.io/kreuzwerker/docker\"]",
      "instances": [
        {
          "schema_version": 0,
          "attributes": {
            "build": [],
            "force_remove": null,
            "id": "sha256:ddc12ac7fa27279bfcc41deaccd1368291ab7d71ca7cee0420b41f9974e9a468postgres:15.2-alpine",
            "image_id": "sha256:ddc12ac7fa27279bfcc41deaccd1368291ab7d71ca7cee0420b41f9974e9a468",
            "keep_locally": true,
            "name": "postgres:15.2-alpine",
            "platform": null,
            "pull_triggers": null,
            "repo_digest": "postgres@sha256:d9c304353c031b21e9a7e33dc4781e272a9fa802a2ab9703fe4199d72ba1422c",
            "triggers": null
          },
          "sensitive_attributes": [],
          "private": "bnVsbA=="
        }
      ]
    },
    {
      "module": "module.guacamole",
      "mode": "managed",
      "type": "docker_container",
      "name": "guacamole_container",
      "provider": "provider[\"registry.terraform.io/kreuzwerker/docker\"]",
      "instances": [
        {
          "schema_version": 2,
          "attributes": {
            "attach": false,
            "bridge": "",
            "capabilities": [],
            "cgroupns_mode": null,
            "command": [
              "/opt/guacamole/bin/start.sh"
            ],
            "container_logs": null,
            "container_read_refresh_timeout_milliseconds": 15000,
            "cpu_set": "",
            "cpu_shares": 0,
            "destroy_grace_seconds": null,
            "devices": [],
            "dns": null,
            "dns_opts": null,
            "dns_search": null,
            "domainname": "",
            "entrypoint": [],
            "env": [
              "GUACD_HOSTNAME=postgres",
              "POSTGRES_DATABASE=guacamole_db",
              "POSTGRES_HOSTNAME=postgres",
              "POSTGRES_PASSWORD=ChooseYourOwnPasswordHere1234",
              "POSTGRES_USER=guacamole_user"
            ],
            "exit_code": null,
            "gpus": null,
            "group_add": null,
            "healthcheck": null,
            "host": [],
            "hostname": "bb5c281ad944",
            "id": "bb5c281ad9447c2542ac13fa2de1ca536cbd6c37cdf717f22bbabf13400bc08b",
            "image": "sha256:34a6b23f2dffcd7331d70bacd1fcff95659d504457de6f0743f48e00b470f722",
            "init": false,
            "ipc_mode": "private",
            "labels": [],
            "log_driver": "json-file",
            "log_opts": null,
            "logs": false,
            "max_retry_count": 0,
            "memory": 0,
            "memory_swap": 0,
            "mounts": [],
            "must_run": true,
            "name": "guacamole_compose",
            "network_data": [
              {
                "gateway": "172.25.0.1",
                "global_ipv6_address": "",
                "global_ipv6_prefix_length": 0,
                "ip_address": "172.25.0.4",
                "ip_prefix_length": 16,
                "ipv6_gateway": "",
                "mac_address": "02:42:ac:19:00:04",
                "network_name": "guacnetwork_compose"
              }
            ],
            "network_mode": "default",
            "networks_advanced": [
              {
                "aliases": [],
                "ipv4_address": "",
                "ipv6_address": "",
                "name": "guacnetwork_compose"
              }
            ],
            "pid_mode": "",
            "ports": [
              {
                "external": 8080,
                "internal": 8080,
                "ip": "0.0.0.0",
                "protocol": "tcp"
              }
            ],
            "privileged": false,
            "publish_all_ports": false,
            "read_only": false,
            "remove_volumes": true,
            "restart": "always",
            "rm": false,
            "runtime": "runc",
            "security_opts": [],
            "shm_size": 64,
            "start": true,
            "stdin_open": false,
            "stop_signal": "",
            "stop_timeout": 0,
            "storage_opts": null,
            "sysctls": null,
            "tmpfs": null,
            "tty": false,
            "ulimit": [],
            "upload": [],
            "user": "guacamole",
            "userns_mode": "",
            "volumes": [],
            "wait": false,
            "wait_timeout": 60,
            "working_dir": "/opt/guacamole"
          },
          "sensitive_attributes": [
            [
              {
                "type": "get_attr",
                "value": "env"
              }
            ]
          ],
          "private": "eyJzY2hlbWFfdmVyc2lvbiI6IjIifQ==",
          "dependencies": [
            "module.guacamole.docker_image.guacamole"
          ]
        }
      ]
    },
    {
      "module": "module.guacamole",
      "mode": "managed",
      "type": "docker_image",
      "name": "guacamole",
      "provider": "provider[\"registry.terraform.io/kreuzwerker/docker\"]",
      "instances": [
        {
          "schema_version": 0,
          "attributes": {
            "build": [],
            "force_remove": null,
            "id": "sha256:34a6b23f2dffcd7331d70bacd1fcff95659d504457de6f0743f48e00b470f722guacamole/guacamole",
            "image_id": "sha256:34a6b23f2dffcd7331d70bacd1fcff95659d504457de6f0743f48e00b470f722",
            "keep_locally": true,
            "name": "guacamole/guacamole",
            "platform": null,
            "pull_triggers": null,
            "repo_digest": "guacamole/guacamole@sha256:63bea2927282c515adccbfba33b5c11f16822a807bed5ed6d52e9741cb34716e",
            "triggers": null
          },
          "sensitive_attributes": [],
          "private": "bnVsbA=="
        }
      ]
    },
    {
      "module": "module.guacd",
      "mode": "managed",
      "type": "docker_container",
      "name": "guacd_container",
      "provider": "provider[\"registry.terraform.io/kreuzwerker/docker\"]",
      "instances": [
        {
          "schema_version": 2,
          "attributes": {
            "attach": false,
            "bridge": "",
            "capabilities": [],
            "cgroupns_mode": null,
            "command": [
              "/bin/sh",
              "-c",
              "/opt/guacamole/sbin/guacd -b 0.0.0.0 -L $GUACD_LOG_LEVEL -f"
            ],
            "container_logs": null,
            "container_read_refresh_timeout_milliseconds": 15000,
            "cpu_set": "",
            "cpu_shares": 0,
            "destroy_grace_seconds": null,
            "devices": [],
            "dns": null,
            "dns_opts": null,
            "dns_search": null,
            "domainname": "",
            "entrypoint": [],
            "env": [],
            "exit_code": null,
            "gpus": null,
            "group_add": null,
            "healthcheck": [
              {
                "interval": "5m0s",
                "retries": 0,
                "start_period": "0s",
                "test": [
                  "CMD-SHELL",
                  "nc -z 127.0.0.1 4822 || exit 1"
                ],
                "timeout": "5s"
              }
            ],
            "host": [],
            "hostname": "ee14692ff068",
            "id": "ee14692ff068cf1518f50407d27a1d2edbb805a8861eaf778050b0c40b76e709",
            "image": "sha256:e1b8c3e5124e857125287bfe2aebf3841c94e1b3037ae1722aff2f2335cac9f8",
            "init": false,
            "ipc_mode": "private",
            "labels": [],
            "log_driver": "json-file",
            "log_opts": null,
            "logs": false,
            "max_retry_count": 0,
            "memory": 0,
            "memory_swap": 0,
            "mounts": [],
            "must_run": true,
            "name": "guacd_compose",
            "network_data": [
              {
                "gateway": "172.25.0.1",
                "global_ipv6_address": "",
                "global_ipv6_prefix_length": 0,
                "ip_address": "172.25.0.3",
                "ip_prefix_length": 16,
                "ipv6_gateway": "",
                "mac_address": "02:42:ac:19:00:03",
                "network_name": "guacnetwork_compose"
              }
            ],
            "network_mode": "default",
            "networks_advanced": [
              {
                "aliases": [],
                "ipv4_address": "",
                "ipv6_address": "",
                "name": "guacnetwork_compose"
              }
            ],
            "pid_mode": "",
            "ports": [],
            "privileged": false,
            "publish_all_ports": false,
            "read_only": false,
            "remove_volumes": true,
            "restart": "always",
            "rm": false,
            "runtime": "runc",
            "security_opts": [],
            "shm_size": 64,
            "start": true,
            "stdin_open": false,
            "stop_signal": "",
            "stop_timeout": 0,
            "storage_opts": null,
            "sysctls": null,
            "tmpfs": null,
            "tty": false,
            "ulimit": [],
            "upload": [],
            "user": "guacd",
            "userns_mode": "",
            "volumes": [
              {
                "container_path": "../../drive",
                "from_container": "",
                "host_path": "",
                "read_only": null,
                "volume_name": ""
              },
              {
                "container_path": "../../record",
                "from_container": "",
                "host_path": "",
                "read_only": null,
                "volume_name": ""
              }
            ],
            "wait": false,
            "wait_timeout": 60,
            "working_dir": ""
          },
          "sensitive_attributes": [],
          "private": "eyJzY2hlbWFfdmVyc2lvbiI6IjIifQ==",
          "dependencies": [
            "module.guacd.docker_image.guacd"
          ]
        }
      ]
    },
    {
      "module": "module.guacd",
      "mode": "managed",
      "type": "docker_image",
      "name": "guacd",
      "provider": "provider[\"registry.terraform.io/kreuzwerker/docker\"]",
      "instances": [
        {
          "schema_version": 0,
          "attributes": {
            "build": [],
            "force_remove": null,
            "id": "sha256:e1b8c3e5124e857125287bfe2aebf3841c94e1b3037ae1722aff2f2335cac9f8guacamole/guacd",
            "image_id": "sha256:e1b8c3e5124e857125287bfe2aebf3841c94e1b3037ae1722aff2f2335cac9f8",
            "keep_locally": true,
            "name": "guacamole/guacd",
            "platform": null,
            "pull_triggers": null,
            "repo_digest": "guacamole/guacd@sha256:b9ca974677c2b1ad993ae97a50cdae028f922aa90bcdd5b8e31ac06637ba02c3",
            "triggers": null
          },
          "sensitive_attributes": [],
          "private": "bnVsbA=="
        }
      ]
    }
  ],
  "check_results": null
}
